// !$*UTF8*$!
{
	archiveVersion = 1;
	classes = {
	};
	objectVersion = 77;
	objects = {

/* Begin PBXContainerItemProxy section */
		63DF35B53066972700A9B132 /* PBXContainerItemProxy */ = {
			isa = PBXContainerItemProxy;
			containerPortal = 63DF359C3066972400A9B132 /* Project object */;
			proxyType = 1;
			remoteGlobalIDString = 63DF35A33066972500A9B132;
			remoteInfo = ios_test;
		};
		63DF35BF3066972700A9B132 /* PBXContainerItemProxy */ = {
			isa = PBXContainerItemProxy;
			containerPortal = 63DF359C3066972400A9B132 /* Project object */;
			proxyType = 1;
			remoteGlobalIDString = 63DF35A33066972500A9B132;
			remoteInfo = ios_test;
		};
/* End PBXContainerItemProxy section */

/* Begin PBXFileReference section */
		63DF35A43066972500A9B132 /* ios_test.app */ = {isa = PBXFileReference; explicitFileType = wrapper.application; includeInIndex = 0; path = ios_test.app; sourceTree = BUILT_PRODUCTS_DIR; };
		63DF35B43066972700A9B132 /* ios_testTests.xctest */ = {isa = PBXFileReference; explicitFileType = wrapper.cfbundle; includeInIndex = 0; path = ios_testTests.xctest; sourceTree = BUILT_PRODUCTS_DIR; };
		63DF35BE3066972700A9B132 /* ios_testUITests.xctest */ = {isa = PBXFileReference; explicitFileType = wrapper.cfbundle; includeInIndex = 0; path = ios_testUITests.xctest; sourceTree = BUILT_PRODUCTS_DIR; };
/* End PBXFileReference section */

/* Begin PBXFileSystemSynchronizedRootGroup section */
		63DF35A63066972500A9B132 /* ios_test */ = {
			isa = PBXFileSystemSynchronizedRootGroup;
			path = ios_test;
			sourceTree = "<group>";
		};
		63DF35B73066972700A9B132 /* ios_testTests */ = {
			isa = PBXFileSystemSynchronizedRootGroup;
			path = ios_testTests;
			sourceTree = "<group>";
		};
		63DF35C13066972700A9B132 /* ios_testUITests */ = {
			isa = PBXFileSystemSynchronizedRootGroup;
			path = ios_testUITests;
			sourceTree = "<group>";
		};
/* End PBXFileSystemSynchronizedRootGroup section */

/* Begin PBXFrameworksBuildPhase section */
		63DF35A13066972500A9B132 /* Frameworks */ = {
			isa = PBXFrameworksBuildPhase;
			buildActionMask = 2147483647;
			files = (
			);
			runOnlyForDeploymentPostprocessing = 0;
		};
		63DF35B13066972700A9B132 /* Frameworks */ = {
			isa = PBXFrameworksBuildPhase;
			buildActionMask = 2147483647;
			files = (
			);
			runOnlyForDeploymentPostprocessing = 0;
		};
		63DF35BB3066972700A9B132 /* Frameworks */ = {
			isa = PBXFrameworksBuildPhase;
			buildActionMask = 2147483647;
			files = (
			);
			runOnlyForDeploymentPostprocessing = 0;
		};
/* End PBXFrameworksBuildPhase section */

/* Begin PBXGroup section */
		63DF359B3066972400A9B132 = {
			isa = PBXGroup;
			children = (
				63DF35A63066972500A9B132 /* ios_test */,
				63DF35B73066972700A9B132 /* ios_testTests */,
				63DF35C13066972700A9B132 /* ios_testUITests */,
				63DF35A53066972500A9B132 /* Products */,
			);
			sourceTree = "<group>";
		};
		63DF35A53066972500A9B132 /* Products */ = {
			isa = PBXGroup;
			children = (
				63DF35A43066972500A9B132 /* ios_test.app */,
				63DF35B43066972700A9B132 /* ios_testTests.xctest */,
				63DF35BE3066972700A9B132 /* ios_testUITests.xctest */,
			);
			name = Products;
			sourceTree = "<group>";
		};
/* End PBXGroup section */

/* Begin PBXNativeTarget section */
		63DF35A33066972500A9B132 /* ios_test */ = {
			isa = PBXNativeTarget;
			buildConfigurationList = 63DF35C83066972700A9B132 /* Build configuration list for PBXNativeTarget "ios_test" */;
			buildPhases = (
				63DF35A03066972500A9B132 /* Sources */,
				63DF35A13066972500A9B132 /* Frameworks */,
				63DF35A23066972500A9B132 /* Resources */,
			);
			buildRules = (
			);
			dependencies = (
			);
			fileSystemSynchronizedGroups = (
				63DF35A63066972500A9B132 /* ios_test */,
			);
			name = ios_test;
			packageProductDependencies = (
			);
			productName = ios_test;
			productReference = 63DF35A43066972500A9B132 /* ios_test.app */;
			productType = "com.apple.product-type.application";
		};
		63DF35B33066972700A9B132 /* ios_testTests */ = {
			isa = PBXNativeTarget;
			buildConfigurationList = 63DF35CB3066972700A9B132 /* Build configuration list for PBXNativeTarget "ios_testTests" */;
			buildPhases = (
				63DF35B03066972700A9B132 /* Sources */,
				63DF35B13066972700A9B132 /* Frameworks */,
				63DF35B23066972700A9B132 /* Resources */,
			);
			buildRules = (
			);
			dependencies = (
				63DF35B63066972700A9B132 /* PBXTargetDependency */,
			);
			fileSystemSynchronizedGroups = (
				63DF35B73066972700A9B132 /* ios_testTests */,
			);
			name = ios_testTests;
			packageProductDependencies = (
			);
			productName = ios_testTests;
			productReference = 63DF35B43066972700A9B132 /* ios_testTests.xctest */;
			productType = "com.apple.product-type.bundle.unit-test";
		};
		63DF35BD3066972700A9B132 /* ios_testUITests */ = {
			isa = PBXNativeTarget;
			buildConfigurationList = 63DF35CE3066972700A9B132 /* Build configuration list for PBXNativeTarget "ios_testUITests" */;
			buildPhases = (
				63DF35BA3066972700A9B132 /* Sources */,
				63DF35BB3066972700A9B132 /* Frameworks */,
				63DF35BC3066972700A9B132 /* Resources */,
			);
			buildRules = (
			);
			dependencies = (
				63DF35C03066972700A9B132 /* PBXTargetDependency */,
			);
			fileSystemSynchronizedGroups = (
				63DF35C13066972700A9B132 /* ios_testUITests */,
			);
			name = ios_testUITests;
			packageProductDependencies = (
			);
			productName = ios_testUITests;
			productReference = 63DF35BE3066972700A9B132 /* ios_testUITests.xctest */;
			productType = "com.apple.product-type.bundle.ui-testing";
		};
/* End PBXNativeTarget section */

/* Begin PBXProject section */
		63DF359C3066972400A9B132 /* Project object */ = {
			isa = PBXProject;
			attributes = {
				BuildIndependentTargetsInParallel = 1;
				LastSwiftUpdateCheck = 1620;
				LastUpgradeCheck = 1620;
				TargetAttributes = {
					63DF35A33066972500A9B132 = {
						CreatedOnToolsVersion = 16.2;
					};
					63DF35B33066972700A9B132 = {
						CreatedOnToolsVersion = 16.2;
						TestTargetID = 63DF35A33066972500A9B132;
					};
					63DF35BD3066972700A9B132 = {
						CreatedOnToolsVersion = 16.2;
						TestTargetID = 63DF35A33066972500A9B132;
					};
				};
			};
			buildConfigurationList = 63DF359F3066972400A9B132 /* Build configuration list for PBXProject "ios_test" */;
			developmentRegion = en;
			hasScannedForEncodings = 0;
			knownRegions = (
				en,
				Base,
			);
			mainGroup = 63DF359B3066972400A9B132;
			minimizedProjectReferenceProxies = 1;
			preferredProjectObjectVersion = 77;
			productRefGroup = 63DF35A53066972500A9B132 /* Products */;
			projectDirPath = "";
			projectRoot = "";
			targets = (
				63DF35A33066972500A9B132 /* ios_test */,
				63DF35B33066972700A9B132 /* ios_testTests */,
				63DF35BD3066972700A9B132 /* ios_testUITests */,
			);
		};
/* End PBXProject section */

/* Begin PBXResourcesBuildPhase section */
		63DF35A23066972500A9B132 /* Resources */ = {
			isa = PBXResourcesBuildPhase;
			buildActionMask = 2147483647;
			files = (
			);
			runOnlyForDeploymentPostprocessing = 0;
		};
		63DF35B23066972700A9B132 /* Resources */ = {
			isa = PBXResourcesBuildPhase;
			buildActionMask = 2147483647;
			files = (
			);
			runOnlyForDeploymentPostprocessing = 0;
		};
		63DF35BC3066972700A9B132 /* Resources */ = {
			isa = PBXResourcesBuildPhase;
			buildActionMask = 2147483647;
			files = (
			);
			runOnlyForDeploymentPostprocessing = 0;
		};
/* End PBXResourcesBuildPhase section */

/* Begin PBXSourcesBuildPhase section */
		63DF35A03066972500A9B132 /* Sources */ = {
			isa = PBXSourcesBuildPhase;
			buildActionMask = 2147483647;
			files = (
			);
			runOnlyForDeploymentPostprocessing = 0;
		};
		63DF35B03066972700A9B132 /* Sources */ = {
			isa = PBXSourcesBuildPhase;
			buildActionMask = 2147483647;
			files = (
			);
			runOnlyForDeploymentPostprocessing = 0;
		};
		63DF35BA3066972700A9B132 /* Sources */ = {
			isa = PBXSourcesBuildPhase;
			buildActionMask = 2147483647;
			files = (
			);
			runOnlyForDeploymentPostprocessing = 0;
		};
/* End PBXSourcesBuildPhase section */

/* Begin PBXTargetDependency section */
		63DF35B63066972700A9B132 /* PBXTargetDependency */ = {
			isa = PBXTargetDependency;
			target = 63DF35A33066972500A9B132 /* ios_test */;
			targetProxy = 63DF35B53066972700A9B132 /* PBXContainerItemProxy */;
		};
		63DF35C03066972700A9B132 /* PBXTargetDependency */ = {
			isa = PBXTargetDependency;
			target = 63DF35A33066972500A9B132 /* ios_test */;
			targetProxy = 63DF35BF3066972700A9B132 /* PBXContainerItemProxy */;
		};
/* End PBXTargetDependency section */

/* Begin XCBuildConfiguration section */
		63DF35C63066972700A9B132 /* Debug */ = {
			isa = XCBuildConfiguration;
			buildSettings = {
				ALWAYS_SEARCH_USER_PATHS = NO;
				ASSETCATALOG_COMPILER_GENERATE_SWIFT_ASSET_SYMBOL_EXTENSIONS = YES;
				CLANG_ANALYZER_NONNULL = YES;
				CLANG_ANALYZER_NUMBER_OBJECT_CONVERSION = YES_AGGRESSIVE;
				CLANG_CXX_LANGUAGE_STANDARD = "gnu++20";
				CLANG_ENABLE_MODULES = YES;
				CLANG_ENABLE_OBJC_ARC = YES;
				CLANG_ENABLE_OBJC_WEAK = YES;
				CLANG_WARN_BLOCK_CAPTURE_AUTORELEASING = YES;
				CLANG_WARN_BOOL_CONVERSION = YES;
				CLANG_WARN_COMMA = YES;
				CLANG_WARN_CONSTANT_CONVERSION = YES;
				CLANG_WARN_DEPRECATED_OBJC_IMPLEMENTATIONS = YES;
				CLANG_WARN_DIRECT_OBJC_ISA_USAGE = YES_ERROR;
				CLANG_WARN_DOCUMENTATION_COMMENTS = YES;
				CLANG_WARN_EMPTY_BODY = YES;
				CLANG_WARN_ENUM_CONVERSION = YES;
				CLANG_WARN_INFINITE_RECURSION = YES;
				CLANG_WARN_INT_CONVERSION = YES;
				CLANG_WARN_NON_LITERAL_NULL_CONVERSION = YES;
				CLANG_WARN_OBJC_IMPLICIT_RETAIN_SELF = YES;
				CLANG_WARN_OBJC_LITERAL_CONVERSION = YES;
				CLANG_WARN_OBJC_ROOT_CLASS = YES_ERROR;
				CLANG_WARN_QUOTED_INCLUDE_IN_FRAMEWORK_HEADER = YES;
				CLANG_WARN_RANGE_LOOP_ANALYSIS = YES;
				CLANG_WARN_STRICT_PROTOTYPES = YES;
				CLANG_WARN_SUSPICIOUS_MOVE = YES;
				CLANG_WARN_UNGUARDED_AVAILABILITY = YES_AGGRESSIVE;
				CLANG_WARN_UNREACHABLE_CODE = YES;
				CLANG_WARN__DUPLICATE_METHOD_MATCH = YES;
				COPY_PHASE_STRIP = NO;
				DEBUG_INFORMATION_FORMAT = dwarf;
				ENABLE_STRICT_OBJC_MSGSEND = YES;
				ENABLE_TESTABILITY = YES;
				ENABLE_USER_SCRIPT_SANDBOXING = YES;
				GCC_C_LANGUAGE_STANDARD = gnu17;
				GCC_DYNAMIC_NO_PIC = NO;
				GCC_NO_COMMON_BLOCKS = YES;
				GCC_OPTIMIZATION_LEVEL = 0;
				GCC_PREPROCESSOR_DEFINITIONS = (
					"DEBUG=1",
					"$(inherited)",
				);
				GCC_WARN_64_TO_32_BIT_CONVERSION = YES;
				GCC_WARN_ABOUT_RETURN_TYPE = YES_ERROR;
				GCC_WARN_UNDECLARED_SELECTOR = YES;
				GCC_WARN_UNINITIALIZED_AUTOS = YES_AGGRESSIVE;
				GCC_WARN_UNUSED_FUNCTION = YES;
				GCC_WARN_UNUSED_VARIABLE = YES;
				LOCALIZATION_PREFERS_STRING_CATALOGS = YES;
				MTL_ENABLE_DEBUG_INFO = INCLUDE_SOURCE;
				MTL_FAST_MATH = YES;
				ONLY_ACTIVE_ARCH = YES;
				SDKROOT = macosx;
				MACOSX_DEPLOYMENT_TARGET = 14.0;
				SUPPORTED_PLATFORMS = macosx;
				SWIFT_ACTIVE_COMPILATION_CONDITIONS = "DEBUG $(inherited)";
				SWIFT_OPTIMIZATION_LEVEL = "-Onone";
			};
			name = Debug;
		};
		63DF35C73066972700A9B132 /* Release */ = {
			isa = XCBuildConfiguration;
			buildSettings = {
				ALWAYS_SEARCH_USER_PATHS = NO;
				ASSETCATALOG_COMPILER_GENERATE_SWIFT_ASSET_SYMBOL_EXTENSIONS = YES;
				CLANG_ANALYZER_NONNULL = YES;
				CLANG_ANALYZER_NUMBER_OBJECT_CONVERSION = YES_AGGRESSIVE;
				CLANG_CXX_LANGUAGE_STANDARD = "gnu++20";
				CLANG_ENABLE_MODULES = YES;
				CLANG_ENABLE_OBJC_ARC = YES;
				CLANG_ENABLE_OBJC_WEAK = YES;
				CLANG_WARN_BLOCK_CAPTURE_AUTORELEASING = YES;
				CLANG_WARN_BOOL_CONVERSION = YES;
				CLANG_WARN_COMMA = YES;
				CLANG_WARN_CONSTANT_CONVERSION = YES;
				CLANG_WARN_DEPRECATED_OBJC_IMPLEMENTATIONS = YES;
				CLANG_WARN_DIRECT_OBJC_ISA_USAGE = YES_ERROR;
				CLANG_WARN_DOCUMENTATION_COMMENTS = YES;
				CLANG_WARN_EMPTY_BODY = YES;
				CLANG_WARN_ENUM_CONVERSION = YES;
				CLANG_WARN_INFINITE_RECURSION = YES;
				CLANG_WARN_INT_CONVERSION = YES;
				CLANG_WARN_NON_LITERAL_NULL_CONVERSION = YES;
				CLANG_WARN_OBJC_IMPLICIT_RETAIN_SELF = YES;
				CLANG_WARN_OBJC_LITERAL_CONVERSION = YES;
				CLANG_WARN_OBJC_ROOT_CLASS = YES_ERROR;
				CLANG_WARN_QUOTED_INCLUDE_IN_FRAMEWORK_HEADER = YES;
				CLANG_WARN_RANGE_LOOP_ANALYSIS = YES;
				CLANG_WARN_STRICT_PROTOTYPES = YES;
				CLANG_WARN_SUSPICIOUS_MOVE = YES;
				CLANG_WARN_UNGUARDED_AVAILABILITY = YES_AGGRESSIVE;
				CLANG_WARN_UNREACHABLE_CODE = YES;
				CLANG_WARN__DUPLICATE_METHOD_MATCH = YES;
				COPY_PHASE_STRIP = NO;
				DEBUG_INFORMATION_FORMAT = "dwarf-with-dsym";
				ENABLE_NS_ASSERTIONS = NO;
				ENABLE_STRICT_OBJC_MSGSEND = YES;
				ENABLE_USER_SCRIPT_SANDBOXING = YES;
				GCC_C_LANGUAGE_STANDARD = gnu17;
				GCC_NO_COMMON_BLOCKS = YES;
				GCC_WARN_64_TO_32_BIT_CONVERSION = YES;
				GCC_WARN_ABOUT_RETURN_TYPE = YES_ERROR;
				GCC_WARN_UNDECLARED_SELECTOR = YES;
				GCC_WARN_UNINITIALIZED_AUTOS = YES_AGGRESSIVE;
				GCC_WARN_UNUSED_FUNCTION = YES;
				GCC_WARN_UNUSED_VARIABLE = YES;
				LOCALIZATION_PREFERS_STRING_CATALOGS = YES;
				MTL_ENABLE_DEBUG_INFO = NO;
				MTL_FAST_MATH = YES;
				SDKROOT = macosx;
				MACOSX_DEPLOYMENT_TARGET = 14.0;
				SUPPORTED_PLATFORMS = macosx;
				SWIFT_COMPILATION_MODE = wholemodule;
				VALIDATE_PRODUCT = YES;
			};
			name = Release;
		};
		63DF35C93066972700A9B132 /* Debug */ = {
			isa = XCBuildConfiguration;
			buildSettings = {
				ASSETCATALOG_COMPILER_APPICON_NAME = AppIcon;
				ASSETCATALOG_COMPILER_GLOBAL_ACCENT_COLOR_NAME = AccentColor;
				CODE_SIGN_STYLE = Automatic;
				CURRENT_PROJECT_VERSION = 1;
				DEVELOPMENT_ASSET_PATHS = "\"ios_test/Preview Content\"";
				ENABLE_PREVIEWS = YES;
				INFOPLIST_KEY_CFBundleDisplayName = Odak;
				INFOPLIST_KEY_LSApplicationCategoryType = "public.app-category.productivity";
				GENERATE_INFOPLIST_FILE = YES;
				LD_RUNPATH_SEARCH_PATHS = (
					"$(inherited)",
					"@executable_path/Frameworks",
				);
				MARKETING_VERSION = 1.0;
				PRODUCT_BUNDLE_IDENTIFIER = "test-app-ident.ios-test";
				PRODUCT_NAME = "$(TARGET_NAME)";
				SWIFT_EMIT_LOC_STRINGS = YES;
				SWIFT_VERSION = 5.0;
			};
			name = Debug;
		};
		63DF35CA3066972700A9B132 /* Release */ = {
			isa = XCBuildConfiguration;
			buildSettings = {
				ASSETCATALOG_COMPILER_APPICON_NAME = AppIcon;
				ASSETCATALOG_COMPILER_GLOBAL_ACCENT_COLOR_NAME = AccentColor;
				CODE_SIGN_STYLE = Automatic;
				CURRENT_PROJECT_VERSION = 1;
				DEVELOPMENT_ASSET_PATHS = "\"ios_test/Preview Content\"";
				ENABLE_PREVIEWS = YES;
				INFOPLIST_KEY_CFBundleDisplayName = Odak;
				INFOPLIST_KEY_LSApplicationCategoryType = "public.app-category.productivity";
				GENERATE_INFOPLIST_FILE = YES;
				LD_RUNPATH_SEARCH_PATHS = (
					"$(inherited)",
					"@executable_path/Frameworks",
				);
				MARKETING_VERSION = 1.0;
				PRODUCT_BUNDLE_IDENTIFIER = "test-app-ident.ios-test";
				PRODUCT_NAME = "$(TARGET_NAME)";
				SWIFT_EMIT_LOC_STRINGS = YES;
				SWIFT_VERSION = 5.0;
			};
			name = Release;
		};
		63DF35CC3066972700A9B132 /* Debug */ = {
			isa = XCBuildConfiguration;
			buildSettings = {
				BUNDLE_LOADER = "$(TEST_HOST)";
				CODE_SIGN_STYLE = Automatic;
				CURRENT_PROJECT_VERSION = 1;
				GENERATE_INFOPLIST_FILE = YES;
				MARKETING_VERSION = 1.0;
				PRODUCT_BUNDLE_IDENTIFIER = "test-app-ident.ios-testTests";
				PRODUCT_NAME = "$(TARGET_NAME)";
				SWIFT_EMIT_LOC_STRINGS = NO;
				SWIFT_VERSION = 5.0;
				TEST_HOST = "$(BUILT_PRODUCTS_DIR)/ios_test.app/$(BUNDLE_EXECUTABLE_FOLDER_PATH)/ios_test";
			};
			name = Debug;
		};
		63DF35CD3066972700A9B132 /* Release */ = {
			isa = XCBuildConfiguration;
			buildSettings = {
				BUNDLE_LOADER = "$(TEST_HOST)";
				CODE_SIGN_STYLE = Automatic;
				CURRENT_PROJECT_VERSION = 1;
				GENERATE_INFOPLIST_FILE = YES;
				MARKETING_VERSION = 1.0;
				PRODUCT_BUNDLE_IDENTIFIER = "test-app-ident.ios-testTests";
				PRODUCT_NAME = "$(TARGET_NAME)";
				SWIFT_EMIT_LOC_STRINGS = NO;
				SWIFT_VERSION = 5.0;
				TEST_HOST = "$(BUILT_PRODUCTS_DIR)/ios_test.app/$(BUNDLE_EXECUTABLE_FOLDER_PATH)/ios_test";
			};
			name = Release;
		};
		63DF35CF3066972700A9B132 /* Debug */ = {
			isa = XCBuildConfiguration;
			buildSettings = {
				CODE_SIGN_STYLE = Automatic;
				CURRENT_PROJECT_VERSION = 1;
				GENERATE_INFOPLIST_FILE = YES;
				MARKETING_VERSION = 1.0;
				PRODUCT_BUNDLE_IDENTIFIER = "test-app-ident.ios-testUITests";
				PRODUCT_NAME = "$(TARGET_NAME)";
				SWIFT_EMIT_LOC_STRINGS = NO;
				SWIFT_VERSION = 5.0;
				TEST_TARGET_NAME = ios_test;
			};
			name = Debug;
		};
		63DF35D03066972700A9B132 /* Release */ = {
			isa = XCBuildConfiguration;
			buildSettings = {
				CODE_SIGN_STYLE = Automatic;
				CURRENT_PROJECT_VERSION = 1;
				GENERATE_INFOPLIST_FILE = YES;
				MARKETING_VERSION = 1.0;
				PRODUCT_BUNDLE_IDENTIFIER = "test-app-ident.ios-testUITests";
				PRODUCT_NAME = "$(TARGET_NAME)";
				SWIFT_EMIT_LOC_STRINGS = NO;
				SWIFT_VERSION = 5.0;
				TEST_TARGET_NAME = ios_test;
			};
			name = Release;
		};
/* End XCBuildConfiguration section */

/* Begin XCConfigurationList section */
		63DF359F3066972400A9B132 /* Build configuration list for PBXProject "ios_test" */ = {
			isa = XCConfigurationList;
			buildConfigurations = (
				63DF35C63066972700A9B132 /* Debug */,
				63DF35C73066972700A9B132 /* Release */,
			);
			defaultConfigurationIsVisible = 0;
			defaultConfigurationName = Release;
		};
		63DF35C83066972700A9B132 /* Build configuration list for PBXNativeTarget "ios_test" */ = {
			isa = XCConfigurationList;
			buildConfigurations = (
				63DF35C93066972700A9B132 /* Debug */,
				63DF35CA3066972700A9B132 /* Release */,
			);
			defaultConfigurationIsVisible = 0;
			defaultConfigurationName = Release;
		};
		63DF35CB3066972700A9B132 /* Build configuration list for PBXNativeTarget "ios_testTests" */ = {
			isa = XCConfigurationList;
			buildConfigurations = (
				63DF35CC3066972700A9B132 /* Debug */,
				63DF35CD3066972700A9B132 /* Release */,
			);
			defaultConfigurationIsVisible = 0;
			defaultConfigurationName = Release;
		};
		63DF35CE3066972700A9B132 /* Build configuration list for PBXNativeTarget "ios_testUITests" */ = {
			isa = XCConfigurationList;
			buildConfigurations = (
				63DF35CF3066972700A9B132 /* Debug */,
				63DF35D03066972700A9B132 /* Release */,
			);
			defaultConfigurationIsVisible = 0;
			defaultConfigurationName = Release;
		};
/* End XCConfigurationList section */
	};
	rootObject = 63DF359C3066972400A9B132 /* Project object */;
}
